{
  "object": {
    "pins": [
      {
        "package": "SwiftImageReadWrite",
        "repositoryURL": "https://github.com/dagronf/SwiftImageReadWrite",
        "state": {
          "branch": null,
          "revision": "42ace2412279f18bc264bc306e96b51c36e12a33",
          "version": "1.9.2"
        }
      }
    ]
  },
  "version": 1
}
