{
  "object": {
    "pins": [
      {
        "package": "SwiftImageReadWrite",
        "repositoryURL": "https://github.com/dagronf/SwiftImageReadWrite",
        "state": {
          "branch": null,
          "revision": "35939ea76a73d0a9ff086f58f6148eef32868686",
          "version": "1.6.0"
        }
      }
    ]
  },
  "version": 1
}
