// !$*UTF8*$!
{
	archiveVersion = 1;
	classes = {
	};
	objectVersion = 54;
	objects = {

/* Begin PBXBuildFile section */
		236A660C2626C0C0004B70C9 /* Utilities.swift in Sources */ = {isa = PBXBuildFile; fileRef = 236A660B2626C0C0004B70C9 /* Utilities.swift */; };
		239088F82B0D6A4C0059761E /* SwiftImageReadWrite in Frameworks */ = {isa = PBXBuildFile; productRef = 239088F72B0D6A4C0059761E /* SwiftImageReadWrite */; };
		23EE63DF25D875C7000C85E4 /* AppDelegate.swift in Sources */ = {isa = PBXBuildFile; fileRef = 23EE63DE25D875C7000C85E4 /* AppDelegate.swift */; };
		23EE63E125D875C7000C85E4 /* ViewController.swift in Sources */ = {isa = PBXBuildFile; fileRef = 23EE63E025D875C7000C85E4 /* ViewController.swift */; };
		23EE63E325D875C8000C85E4 /* Assets.xcassets in Resources */ = {isa = PBXBuildFile; fileRef = 23EE63E225D875C8000C85E4 /* Assets.xcassets */; };
		23EE63E625D875C8000C85E4 /* Main.storyboard in Resources */ = {isa = PBXBuildFile; fileRef = 23EE63E425D875C8000C85E4 /* Main.storyboard */; };
		23EE640925D87663000C85E4 /* DSFSparkline in Frameworks */ = {isa = PBXBuildFile; productRef = 23EE640825D87663000C85E4 /* DSFSparkline */; };
		23EE640C25D877E7000C85E4 /* CenteringClipView.swift in Sources */ = {isa = PBXBuildFile; fileRef = 23EE640B25D877E7000C85E4 /* CenteringClipView.swift */; };
/* End PBXBuildFile section */

/* Begin PBXFileReference section */
		236A660B2626C0C0004B70C9 /* Utilities.swift */ = {isa = PBXFileReference; lastKnownFileType = sourcecode.swift; path = Utilities.swift; sourceTree = "<group>"; };
		23EE63DB25D875C7000C85E4 /* Documentation Project.app */ = {isa = PBXFileReference; explicitFileType = wrapper.application; includeInIndex = 0; path = "Documentation Project.app"; sourceTree = BUILT_PRODUCTS_DIR; };
		23EE63DE25D875C7000C85E4 /* AppDelegate.swift */ = {isa = PBXFileReference; lastKnownFileType = sourcecode.swift; path = AppDelegate.swift; sourceTree = "<group>"; };
		23EE63E025D875C7000C85E4 /* ViewController.swift */ = {isa = PBXFileReference; lastKnownFileType = sourcecode.swift; path = ViewController.swift; sourceTree = "<group>"; };
		23EE63E225D875C8000C85E4 /* Assets.xcassets */ = {isa = PBXFileReference; lastKnownFileType = folder.assetcatalog; path = Assets.xcassets; sourceTree = "<group>"; };
		23EE63E525D875C8000C85E4 /* Base */ = {isa = PBXFileReference; lastKnownFileType = file.storyboard; name = Base; path = Base.lproj/Main.storyboard; sourceTree = "<group>"; };
		23EE63E725D875C8000C85E4 /* Info.plist */ = {isa = PBXFileReference; lastKnownFileType = text.plist.xml; path = Info.plist; sourceTree = "<group>"; };
		23EE63E825D875C8000C85E4 /* Documentation_Project.entitlements */ = {isa = PBXFileReference; lastKnownFileType = text.plist.entitlements; path = Documentation_Project.entitlements; sourceTree = "<group>"; };
		23EE640525D8763F000C85E4 /* DSFSparkline */ = {isa = PBXFileReference; lastKnownFileType = folder; name = DSFSparkline; path = ../..; sourceTree = "<group>"; };
		23EE640B25D877E7000C85E4 /* CenteringClipView.swift */ = {isa = PBXFileReference; fileEncoding = 4; lastKnownFileType = sourcecode.swift; path = CenteringClipView.swift; sourceTree = "<group>"; };
/* End PBXFileReference section */

/* Begin PBXFrameworksBuildPhase section */
		23EE63D825D875C7000C85E4 /* Frameworks */ = {
			isa = PBXFrameworksBuildPhase;
			buildActionMask = 2147483647;
			files = (
				239088F82B0D6A4C0059761E /* SwiftImageReadWrite in Frameworks */,
				23EE640925D87663000C85E4 /* DSFSparkline in Frameworks */,
			);
			runOnlyForDeploymentPostprocessing = 0;
		};
/* End PBXFrameworksBuildPhase section */

/* Begin PBXGroup section */
		23EE63D225D875C7000C85E4 = {
			isa = PBXGroup;
			children = (
				23EE640525D8763F000C85E4 /* DSFSparkline */,
				23EE63DD25D875C7000C85E4 /* Documentation Project */,
				23EE63DC25D875C7000C85E4 /* Products */,
				23EE640725D87663000C85E4 /* Frameworks */,
			);
			sourceTree = "<group>";
		};
		23EE63DC25D875C7000C85E4 /* Products */ = {
			isa = PBXGroup;
			children = (
				23EE63DB25D875C7000C85E4 /* Documentation Project.app */,
			);
			name = Products;
			sourceTree = "<group>";
		};
		23EE63DD25D875C7000C85E4 /* Documentation Project */ = {
			isa = PBXGroup;
			children = (
				23EE63DE25D875C7000C85E4 /* AppDelegate.swift */,
				23EE63E025D875C7000C85E4 /* ViewController.swift */,
				23EE63E225D875C8000C85E4 /* Assets.xcassets */,
				23EE63E425D875C8000C85E4 /* Main.storyboard */,
				23EE640B25D877E7000C85E4 /* CenteringClipView.swift */,
				23EE63E725D875C8000C85E4 /* Info.plist */,
				23EE63E825D875C8000C85E4 /* Documentation_Project.entitlements */,
				236A660B2626C0C0004B70C9 /* Utilities.swift */,
			);
			path = "Documentation Project";
			sourceTree = "<group>";
		};
		23EE640725D87663000C85E4 /* Frameworks */ = {
			isa = PBXGroup;
			children = (
			);
			name = Frameworks;
			sourceTree = "<group>";
		};
/* End PBXGroup section */

/* Begin PBXNativeTarget section */
		23EE63DA25D875C7000C85E4 /* Documentation Project */ = {
			isa = PBXNativeTarget;
			buildConfigurationList = 23EE63EB25D875C8000C85E4 /* Build configuration list for PBXNativeTarget "Documentation Project" */;
			buildPhases = (
				23EE63D725D875C7000C85E4 /* Sources */,
				23EE63D825D875C7000C85E4 /* Frameworks */,
				23EE63D925D875C7000C85E4 /* Resources */,
			);
			buildRules = (
			);
			dependencies = (
			);
			name = "Documentation Project";
			packageProductDependencies = (
				23EE640825D87663000C85E4 /* DSFSparkline */,
				239088F72B0D6A4C0059761E /* SwiftImageReadWrite */,
			);
			productName = "Documentation Project";
			productReference = 23EE63DB25D875C7000C85E4 /* Documentation Project.app */;
			productType = "com.apple.product-type.application";
		};
/* End PBXNativeTarget section */

/* Begin PBXProject section */
		23EE63D325D875C7000C85E4 /* Project object */ = {
			isa = PBXProject;
			attributes = {
				LastSwiftUpdateCheck = 1240;
				LastUpgradeCheck = 1240;
				TargetAttributes = {
					23EE63DA25D875C7000C85E4 = {
						CreatedOnToolsVersion = 12.4;
					};
				};
			};
			buildConfigurationList = 23EE63D625D875C7000C85E4 /* Build configuration list for PBXProject "Documentation Project" */;
			compatibilityVersion = "Xcode 9.3";
			developmentRegion = en;
			hasScannedForEncodings = 0;
			knownRegions = (
				en,
				Base,
			);
			mainGroup = 23EE63D225D875C7000C85E4;
			packageReferences = (
				239088F62B0D6A4C0059761E /* XCRemoteSwiftPackageReference "SwiftImageReadWrite" */,
			);
			productRefGroup = 23EE63DC25D875C7000C85E4 /* Products */;
			projectDirPath = "";
			projectRoot = "";
			targets = (
				23EE63DA25D875C7000C85E4 /* Documentation Project */,
			);
		};
/* End PBXProject section */

/* Begin PBXResourcesBuildPhase section */
		23EE63D925D875C7000C85E4 /* Resources */ = {
			isa = PBXResourcesBuildPhase;
			buildActionMask = 2147483647;
			files = (
				23EE63E325D875C8000C85E4 /* Assets.xcassets in Resources */,
				23EE63E625D875C8000C85E4 /* Main.storyboard in Resources */,
			);
			runOnlyForDeploymentPostprocessing = 0;
		};
/* End PBXResourcesBuildPhase section */

/* Begin PBXSourcesBuildPhase section */
		23EE63D725D875C7000C85E4 /* Sources */ = {
			isa = PBXSourcesBuildPhase;
			buildActionMask = 2147483647;
			files = (
				23EE63E125D875C7000C85E4 /* ViewController.swift in Sources */,
				23EE63DF25D875C7000C85E4 /* AppDelegate.swift in Sources */,
				236A660C2626C0C0004B70C9 /* Utilities.swift in Sources */,
				23EE640C25D877E7000C85E4 /* CenteringClipView.swift in Sources */,
			);
			runOnlyForDeploymentPostprocessing = 0;
		};
/* End PBXSourcesBuildPhase section */

/* Begin PBXVariantGroup section */
		23EE63E425D875C8000C85E4 /* Main.storyboard */ = {
			isa = PBXVariantGroup;
			children = (
				23EE63E525D875C8000C85E4 /* Base */,
			);
			name = Main.storyboard;
			sourceTree = "<group>";
		};
/* End PBXVariantGroup section */

/* Begin XCBuildConfiguration section */
		23EE63E925D875C8000C85E4 /* Debug */ = {
			isa = XCBuildConfiguration;
			buildSettings = {
				ALWAYS_SEARCH_USER_PATHS = NO;
				CLANG_ANALYZER_NONNULL = YES;
				CLANG_ANALYZER_NUMBER_OBJECT_CONVERSION = YES_AGGRESSIVE;
				CLANG_CXX_LANGUAGE_STANDARD = "gnu++14";
				CLANG_CXX_LIBRARY = "libc++";
				CLANG_ENABLE_MODULES = YES;
				CLANG_ENABLE_OBJC_ARC = YES;
				CLANG_ENABLE_OBJC_WEAK = YES;
				CLANG_WARN_BLOCK_CAPTURE_AUTORELEASING = YES;
				CLANG_WARN_BOOL_CONVERSION = YES;
				CLANG_WARN_COMMA = YES;
				CLANG_WARN_CONSTANT_CONVERSION = YES;
				CLANG_WARN_DEPRECATED_OBJC_IMPLEMENTATIONS = YES;
				CLANG_WARN_DIRECT_OBJC_ISA_USAGE = YES_ERROR;
				CLANG_WARN_DOCUMENTATION_COMMENTS = YES;
				CLANG_WARN_EMPTY_BODY = YES;
				CLANG_WARN_ENUM_CONVERSION = YES;
				CLANG_WARN_INFINITE_RECURSION = YES;
				CLANG_WARN_INT_CONVERSION = YES;
				CLANG_WARN_NON_LITERAL_NULL_CONVERSION = YES;
				CLANG_WARN_OBJC_IMPLICIT_RETAIN_SELF = YES;
				CLANG_WARN_OBJC_LITERAL_CONVERSION = YES;
				CLANG_WARN_OBJC_ROOT_CLASS = YES_ERROR;
				CLANG_WARN_QUOTED_INCLUDE_IN_FRAMEWORK_HEADER = YES;
				CLANG_WARN_RANGE_LOOP_ANALYSIS = YES;
				CLANG_WARN_STRICT_PROTOTYPES = YES;
				CLANG_WARN_SUSPICIOUS_MOVE = YES;
				CLANG_WARN_UNGUARDED_AVAILABILITY = YES_AGGRESSIVE;
				CLANG_WARN_UNREACHABLE_CODE = YES;
				CLANG_WARN__DUPLICATE_METHOD_MATCH = YES;
				COPY_PHASE_STRIP = NO;
				DEBUG_INFORMATION_FORMAT = dwarf;
				ENABLE_STRICT_OBJC_MSGSEND = YES;
				ENABLE_TESTABILITY = YES;
				GCC_C_LANGUAGE_STANDARD = gnu11;
				GCC_DYNAMIC_NO_PIC = NO;
				GCC_NO_COMMON_BLOCKS = YES;
				GCC_OPTIMIZATION_LEVEL = 0;
				GCC_PREPROCESSOR_DEFINITIONS = (
					"DEBUG=1",
					"$(inherited)",
				);
				GCC_WARN_64_TO_32_BIT_CONVERSION = YES;
				GCC_WARN_ABOUT_RETURN_TYPE = YES_ERROR;
				GCC_WARN_UNDECLARED_SELECTOR = YES;
				GCC_WARN_UNINITIALIZED_AUTOS = YES_AGGRESSIVE;
				GCC_WARN_UNUSED_FUNCTION = YES;
				GCC_WARN_UNUSED_VARIABLE = YES;
				MACOSX_DEPLOYMENT_TARGET = 11.1;
				MTL_ENABLE_DEBUG_INFO = INCLUDE_SOURCE;
				MTL_FAST_MATH = YES;
				ONLY_ACTIVE_ARCH = YES;
				SDKROOT = macosx;
				SWIFT_ACTIVE_COMPILATION_CONDITIONS = DEBUG;
				SWIFT_OPTIMIZATION_LEVEL = "-Onone";
			};
			name = Debug;
		};
		23EE63EA25D875C8000C85E4 /* Release */ = {
			isa = XCBuildConfiguration;
			buildSettings = {
				ALWAYS_SEARCH_USER_PATHS = NO;
				CLANG_ANALYZER_NONNULL = YES;
				CLANG_ANALYZER_NUMBER_OBJECT_CONVERSION = YES_AGGRESSIVE;
				CLANG_CXX_LANGUAGE_STANDARD = "gnu++14";
				CLANG_CXX_LIBRARY = "libc++";
				CLANG_ENABLE_MODULES = YES;
				CLANG_ENABLE_OBJC_ARC = YES;
				CLANG_ENABLE_OBJC_WEAK = YES;
				CLANG_WARN_BLOCK_CAPTURE_AUTORELEASING = YES;
				CLANG_WARN_BOOL_CONVERSION = YES;
				CLANG_WARN_COMMA = YES;
				CLANG_WARN_CONSTANT_CONVERSION = YES;
				CLANG_WARN_DEPRECATED_OBJC_IMPLEMENTATIONS = YES;
				CLANG_WARN_DIRECT_OBJC_ISA_USAGE = YES_ERROR;
				CLANG_WARN_DOCUMENTATION_COMMENTS = YES;
				CLANG_WARN_EMPTY_BODY = YES;
				CLANG_WARN_ENUM_CONVERSION = YES;
				CLANG_WARN_INFINITE_RECURSION = YES;
				CLANG_WARN_INT_CONVERSION = YES;
				CLANG_WARN_NON_LITERAL_NULL_CONVERSION = YES;
				CLANG_WARN_OBJC_IMPLICIT_RETAIN_SELF = YES;
				CLANG_WARN_OBJC_LITERAL_CONVERSION = YES;
				CLANG_WARN_OBJC_ROOT_CLASS = YES_ERROR;
				CLANG_WARN_QUOTED_INCLUDE_IN_FRAMEWORK_HEADER = YES;
				CLANG_WARN_RANGE_LOOP_ANALYSIS = YES;
				CLANG_WARN_STRICT_PROTOTYPES = YES;
				CLANG_WARN_SUSPICIOUS_MOVE = YES;
				CLANG_WARN_UNGUARDED_AVAILABILITY = YES_AGGRESSIVE;
				CLANG_WARN_UNREACHABLE_CODE = YES;
				CLANG_WARN__DUPLICATE_METHOD_MATCH = YES;
				COPY_PHASE_STRIP = NO;
				DEBUG_INFORMATION_FORMAT = "dwarf-with-dsym";
				ENABLE_NS_ASSERTIONS = NO;
				ENABLE_STRICT_OBJC_MSGSEND = YES;
				GCC_C_LANGUAGE_STANDARD = gnu11;
				GCC_NO_COMMON_BLOCKS = YES;
				GCC_WARN_64_TO_32_BIT_CONVERSION = YES;
				GCC_WARN_ABOUT_RETURN_TYPE = YES_ERROR;
				GCC_WARN_UNDECLARED_SELECTOR = YES;
				GCC_WARN_UNINITIALIZED_AUTOS = YES_AGGRESSIVE;
				GCC_WARN_UNUSED_FUNCTION = YES;
				GCC_WARN_UNUSED_VARIABLE = YES;
				MACOSX_DEPLOYMENT_TARGET = 11.1;
				MTL_ENABLE_DEBUG_INFO = NO;
				MTL_FAST_MATH = YES;
				SDKROOT = macosx;
				SWIFT_COMPILATION_MODE = wholemodule;
				SWIFT_OPTIMIZATION_LEVEL = "-O";
			};
			name = Release;
		};
		23EE63EC25D875C8000C85E4 /* Debug */ = {
			isa = XCBuildConfiguration;
			buildSettings = {
				ASSETCATALOG_COMPILER_APPICON_NAME = AppIcon;
				ASSETCATALOG_COMPILER_GLOBAL_ACCENT_COLOR_NAME = AccentColor;
				CODE_SIGN_ENTITLEMENTS = "Documentation Project/Documentation_Project.entitlements";
				CODE_SIGN_STYLE = Automatic;
				COMBINE_HIDPI_IMAGES = YES;
				DEVELOPMENT_TEAM = 3L6RK3LGGW;
				ENABLE_HARDENED_RUNTIME = YES;
				INFOPLIST_FILE = "Documentation Project/Info.plist";
				LD_RUNPATH_SEARCH_PATHS = (
					"$(inherited)",
					"@executable_path/../Frameworks",
				);
				MACOSX_DEPLOYMENT_TARGET = 10.14;
				PRODUCT_BUNDLE_IDENTIFIER = "com.darrenford.DSFSparkline.Documentation-Project";
				PRODUCT_NAME = "$(TARGET_NAME)";
				SWIFT_VERSION = 5.0;
			};
			name = Debug;
		};
		23EE63ED25D875C8000C85E4 /* Release */ = {
			isa = XCBuildConfiguration;
			buildSettings = {
				ASSETCATALOG_COMPILER_APPICON_NAME = AppIcon;
				ASSETCATALOG_COMPILER_GLOBAL_ACCENT_COLOR_NAME = AccentColor;
				CODE_SIGN_ENTITLEMENTS = "Documentation Project/Documentation_Project.entitlements";
				CODE_SIGN_STYLE = Automatic;
				COMBINE_HIDPI_IMAGES = YES;
				DEVELOPMENT_TEAM = 3L6RK3LGGW;
				ENABLE_HARDENED_RUNTIME = YES;
				INFOPLIST_FILE = "Documentation Project/Info.plist";
				LD_RUNPATH_SEARCH_PATHS = (
					"$(inherited)",
					"@executable_path/../Frameworks",
				);
				MACOSX_DEPLOYMENT_TARGET = 10.14;
				PRODUCT_BUNDLE_IDENTIFIER = "com.darrenford.DSFSparkline.Documentation-Project";
				PRODUCT_NAME = "$(TARGET_NAME)";
				SWIFT_VERSION = 5.0;
			};
			name = Release;
		};
/* End XCBuildConfiguration section */

/* Begin XCConfigurationList section */
		23EE63D625D875C7000C85E4 /* Build configuration list for PBXProject "Documentation Project" */ = {
			isa = XCConfigurationList;
			buildConfigurations = (
				23EE63E925D875C8000C85E4 /* Debug */,
				23EE63EA25D875C8000C85E4 /* Release */,
			);
			defaultConfigurationIsVisible = 0;
			defaultConfigurationName = Release;
		};
		23EE63EB25D875C8000C85E4 /* Build configuration list for PBXNativeTarget "Documentation Project" */ = {
			isa = XCConfigurationList;
			buildConfigurations = (
				23EE63EC25D875C8000C85E4 /* Debug */,
				23EE63ED25D875C8000C85E4 /* Release */,
			);
			defaultConfigurationIsVisible = 0;
			defaultConfigurationName = Release;
		};
/* End XCConfigurationList section */

/* Begin XCRemoteSwiftPackageReference section */
		239088F62B0D6A4C0059761E /* XCRemoteSwiftPackageReference "SwiftImageReadWrite" */ = {
			isa = XCRemoteSwiftPackageReference;
			repositoryURL = "https://github.com/dagronf/SwiftImageReadWrite";
			requirement = {
				kind = upToNextMajorVersion;
				minimumVersion = 1.6.0;
			};
		};
/* End XCRemoteSwiftPackageReference section */

/* Begin XCSwiftPackageProductDependency section */
		239088F72B0D6A4C0059761E /* SwiftImageReadWrite */ = {
			isa = XCSwiftPackageProductDependency;
			package = 239088F62B0D6A4C0059761E /* XCRemoteSwiftPackageReference "SwiftImageReadWrite" */;
			productName = SwiftImageReadWrite;
		};
		23EE640825D87663000C85E4 /* DSFSparkline */ = {
			isa = XCSwiftPackageProductDependency;
			productName = DSFSparkline;
		};
/* End XCSwiftPackageProductDependency section */
	};
	rootObject = 23EE63D325D875C7000C85E4 /* Project object */;
}
