// !$*UTF8*$!
{
	archiveVersion = 1;
	classes = {
	};
	objectVersion = 52;
	objects = {

/* Begin PBXBuildFile section */
		232A2D0F25D8C4AE001A97C2 /* AppDelegate.swift in Sources */ = {isa = PBXBuildFile; fileRef = 232A2D0E25D8C4AE001A97C2 /* AppDelegate.swift */; };
		232A2D1125D8C4AE001A97C2 /* ViewController.swift in Sources */ = {isa = PBXBuildFile; fileRef = 232A2D1025D8C4AE001A97C2 /* ViewController.swift */; };
		232A2D1325D8C4AF001A97C2 /* Assets.xcassets in Resources */ = {isa = PBXBuildFile; fileRef = 232A2D1225D8C4AF001A97C2 /* Assets.xcassets */; };
		232A2D1625D8C4AF001A97C2 /* Main.storyboard in Resources */ = {isa = PBXBuildFile; fileRef = 232A2D1425D8C4AF001A97C2 /* Main.storyboard */; };
		232A2D2325D8C4C8001A97C2 /* DSFSparkline in Frameworks */ = {isa = PBXBuildFile; productRef = 232A2D2225D8C4C8001A97C2 /* DSFSparkline */; };
/* End PBXBuildFile section */

/* Begin PBXFileReference section */
		232A2D0B25D8C4AE001A97C2 /* Sparkline Demos.app */ = {isa = PBXFileReference; explicitFileType = wrapper.application; includeInIndex = 0; path = "Sparkline Demos.app"; sourceTree = BUILT_PRODUCTS_DIR; };
		232A2D0E25D8C4AE001A97C2 /* AppDelegate.swift */ = {isa = PBXFileReference; lastKnownFileType = sourcecode.swift; path = AppDelegate.swift; sourceTree = "<group>"; };
		232A2D1025D8C4AE001A97C2 /* ViewController.swift */ = {isa = PBXFileReference; lastKnownFileType = sourcecode.swift; path = ViewController.swift; sourceTree = "<group>"; };
		232A2D1225D8C4AF001A97C2 /* Assets.xcassets */ = {isa = PBXFileReference; lastKnownFileType = folder.assetcatalog; path = Assets.xcassets; sourceTree = "<group>"; };
		232A2D1525D8C4AF001A97C2 /* Base */ = {isa = PBXFileReference; lastKnownFileType = file.storyboard; name = Base; path = Base.lproj/Main.storyboard; sourceTree = "<group>"; };
		232A2D1725D8C4AF001A97C2 /* Info.plist */ = {isa = PBXFileReference; lastKnownFileType = text.plist.xml; path = Info.plist; sourceTree = "<group>"; };
		232A2D1825D8C4AF001A97C2 /* Sparkline_Demos.entitlements */ = {isa = PBXFileReference; lastKnownFileType = text.plist.entitlements; path = Sparkline_Demos.entitlements; sourceTree = "<group>"; };
		232A2D1F25D8C4BF001A97C2 /* DSFSparkline */ = {isa = PBXFileReference; lastKnownFileType = folder; name = DSFSparkline; path = ../..; sourceTree = "<group>"; };
/* End PBXFileReference section */

/* Begin PBXFrameworksBuildPhase section */
		232A2D0825D8C4AE001A97C2 /* Frameworks */ = {
			isa = PBXFrameworksBuildPhase;
			buildActionMask = 2147483647;
			files = (
				232A2D2325D8C4C8001A97C2 /* DSFSparkline in Frameworks */,
			);
			runOnlyForDeploymentPostprocessing = 0;
		};
/* End PBXFrameworksBuildPhase section */

/* Begin PBXGroup section */
		232A2D0225D8C4AE001A97C2 = {
			isa = PBXGroup;
			children = (
				232A2D1F25D8C4BF001A97C2 /* DSFSparkline */,
				232A2D0D25D8C4AE001A97C2 /* Sparkline Demos */,
				232A2D0C25D8C4AE001A97C2 /* Products */,
				232A2D2125D8C4C8001A97C2 /* Frameworks */,
			);
			sourceTree = "<group>";
		};
		232A2D0C25D8C4AE001A97C2 /* Products */ = {
			isa = PBXGroup;
			children = (
				232A2D0B25D8C4AE001A97C2 /* Sparkline Demos.app */,
			);
			name = Products;
			sourceTree = "<group>";
		};
		232A2D0D25D8C4AE001A97C2 /* Sparkline Demos */ = {
			isa = PBXGroup;
			children = (
				232A2D0E25D8C4AE001A97C2 /* AppDelegate.swift */,
				232A2D1025D8C4AE001A97C2 /* ViewController.swift */,
				232A2D1225D8C4AF001A97C2 /* Assets.xcassets */,
				232A2D1425D8C4AF001A97C2 /* Main.storyboard */,
				232A2D1725D8C4AF001A97C2 /* Info.plist */,
				232A2D1825D8C4AF001A97C2 /* Sparkline_Demos.entitlements */,
			);
			path = "Sparkline Demos";
			sourceTree = "<group>";
		};
		232A2D2125D8C4C8001A97C2 /* Frameworks */ = {
			isa = PBXGroup;
			children = (
			);
			name = Frameworks;
			sourceTree = "<group>";
		};
/* End PBXGroup section */

/* Begin PBXNativeTarget section */
		232A2D0A25D8C4AE001A97C2 /* Sparkline Demos */ = {
			isa = PBXNativeTarget;
			buildConfigurationList = 232A2D1B25D8C4AF001A97C2 /* Build configuration list for PBXNativeTarget "Sparkline Demos" */;
			buildPhases = (
				232A2D0725D8C4AE001A97C2 /* Sources */,
				232A2D0825D8C4AE001A97C2 /* Frameworks */,
				232A2D0925D8C4AE001A97C2 /* Resources */,
			);
			buildRules = (
			);
			dependencies = (
			);
			name = "Sparkline Demos";
			packageProductDependencies = (
				232A2D2225D8C4C8001A97C2 /* DSFSparkline */,
			);
			productName = "Sparkline Demos";
			productReference = 232A2D0B25D8C4AE001A97C2 /* Sparkline Demos.app */;
			productType = "com.apple.product-type.application";
		};
/* End PBXNativeTarget section */

/* Begin PBXProject section */
		232A2D0325D8C4AE001A97C2 /* Project object */ = {
			isa = PBXProject;
			attributes = {
				LastSwiftUpdateCheck = 1240;
				LastUpgradeCheck = 1240;
				TargetAttributes = {
					232A2D0A25D8C4AE001A97C2 = {
						CreatedOnToolsVersion = 12.4;
					};
				};
			};
			buildConfigurationList = 232A2D0625D8C4AE001A97C2 /* Build configuration list for PBXProject "Sparkline Demos" */;
			compatibilityVersion = "Xcode 9.3";
			developmentRegion = en;
			hasScannedForEncodings = 0;
			knownRegions = (
				en,
				Base,
			);
			mainGroup = 232A2D0225D8C4AE001A97C2;
			productRefGroup = 232A2D0C25D8C4AE001A97C2 /* Products */;
			projectDirPath = "";
			projectRoot = "";
			targets = (
				232A2D0A25D8C4AE001A97C2 /* Sparkline Demos */,
			);
		};
/* End PBXProject section */

/* Begin PBXResourcesBuildPhase section */
		232A2D0925D8C4AE001A97C2 /* Resources */ = {
			isa = PBXResourcesBuildPhase;
			buildActionMask = 2147483647;
			files = (
				232A2D1325D8C4AF001A97C2 /* Assets.xcassets in Resources */,
				232A2D1625D8C4AF001A97C2 /* Main.storyboard in Resources */,
			);
			runOnlyForDeploymentPostprocessing = 0;
		};
/* End PBXResourcesBuildPhase section */

/* Begin PBXSourcesBuildPhase section */
		232A2D0725D8C4AE001A97C2 /* Sources */ = {
			isa = PBXSourcesBuildPhase;
			buildActionMask = 2147483647;
			files = (
				232A2D1125D8C4AE001A97C2 /* ViewController.swift in Sources */,
				232A2D0F25D8C4AE001A97C2 /* AppDelegate.swift in Sources */,
			);
			runOnlyForDeploymentPostprocessing = 0;
		};
/* End PBXSourcesBuildPhase section */

/* Begin PBXVariantGroup section */
		232A2D1425D8C4AF001A97C2 /* Main.storyboard */ = {
			isa = PBXVariantGroup;
			children = (
				232A2D1525D8C4AF001A97C2 /* Base */,
			);
			name = Main.storyboard;
			sourceTree = "<group>";
		};
/* End PBXVariantGroup section */

/* Begin XCBuildConfiguration section */
		232A2D1925D8C4AF001A97C2 /* Debug */ = {
			isa = XCBuildConfiguration;
			buildSettings = {
				ALWAYS_SEARCH_USER_PATHS = NO;
				CLANG_ANALYZER_NONNULL = YES;
				CLANG_ANALYZER_NUMBER_OBJECT_CONVERSION = YES_AGGRESSIVE;
				CLANG_CXX_LANGUAGE_STANDARD = "gnu++14";
				CLANG_CXX_LIBRARY = "libc++";
				CLANG_ENABLE_MODULES = YES;
				CLANG_ENABLE_OBJC_ARC = YES;
				CLANG_ENABLE_OBJC_WEAK = YES;
				CLANG_WARN_BLOCK_CAPTURE_AUTORELEASING = YES;
				CLANG_WARN_BOOL_CONVERSION = YES;
				CLANG_WARN_COMMA = YES;
				CLANG_WARN_CONSTANT_CONVERSION = YES;
				CLANG_WARN_DEPRECATED_OBJC_IMPLEMENTATIONS = YES;
				CLANG_WARN_DIRECT_OBJC_ISA_USAGE = YES_ERROR;
				CLANG_WARN_DOCUMENTATION_COMMENTS = YES;
				CLANG_WARN_EMPTY_BODY = YES;
				CLANG_WARN_ENUM_CONVERSION = YES;
				CLANG_WARN_INFINITE_RECURSION = YES;
				CLANG_WARN_INT_CONVERSION = YES;
				CLANG_WARN_NON_LITERAL_NULL_CONVERSION = YES;
				CLANG_WARN_OBJC_IMPLICIT_RETAIN_SELF = YES;
				CLANG_WARN_OBJC_LITERAL_CONVERSION = YES;
				CLANG_WARN_OBJC_ROOT_CLASS = YES_ERROR;
				CLANG_WARN_QUOTED_INCLUDE_IN_FRAMEWORK_HEADER = YES;
				CLANG_WARN_RANGE_LOOP_ANALYSIS = YES;
				CLANG_WARN_STRICT_PROTOTYPES = YES;
				CLANG_WARN_SUSPICIOUS_MOVE = YES;
				CLANG_WARN_UNGUARDED_AVAILABILITY = YES_AGGRESSIVE;
				CLANG_WARN_UNREACHABLE_CODE = YES;
				CLANG_WARN__DUPLICATE_METHOD_MATCH = YES;
				COPY_PHASE_STRIP = NO;
				DEBUG_INFORMATION_FORMAT = dwarf;
				ENABLE_STRICT_OBJC_MSGSEND = YES;
				ENABLE_TESTABILITY = YES;
				GCC_C_LANGUAGE_STANDARD = gnu11;
				GCC_DYNAMIC_NO_PIC = NO;
				GCC_NO_COMMON_BLOCKS = YES;
				GCC_OPTIMIZATION_LEVEL = 0;
				GCC_PREPROCESSOR_DEFINITIONS = (
					"DEBUG=1",
					"$(inherited)",
				);
				GCC_WARN_64_TO_32_BIT_CONVERSION = YES;
				GCC_WARN_ABOUT_RETURN_TYPE = YES_ERROR;
				GCC_WARN_UNDECLARED_SELECTOR = YES;
				GCC_WARN_UNINITIALIZED_AUTOS = YES_AGGRESSIVE;
				GCC_WARN_UNUSED_FUNCTION = YES;
				GCC_WARN_UNUSED_VARIABLE = YES;
				MACOSX_DEPLOYMENT_TARGET = 11.1;
				MTL_ENABLE_DEBUG_INFO = INCLUDE_SOURCE;
				MTL_FAST_MATH = YES;
				ONLY_ACTIVE_ARCH = YES;
				SDKROOT = macosx;
				SWIFT_ACTIVE_COMPILATION_CONDITIONS = DEBUG;
				SWIFT_OPTIMIZATION_LEVEL = "-Onone";
			};
			name = Debug;
		};
		232A2D1A25D8C4AF001A97C2 /* Release */ = {
			isa = XCBuildConfiguration;
			buildSettings = {
				ALWAYS_SEARCH_USER_PATHS = NO;
				CLANG_ANALYZER_NONNULL = YES;
				CLANG_ANALYZER_NUMBER_OBJECT_CONVERSION = YES_AGGRESSIVE;
				CLANG_CXX_LANGUAGE_STANDARD = "gnu++14";
				CLANG_CXX_LIBRARY = "libc++";
				CLANG_ENABLE_MODULES = YES;
				CLANG_ENABLE_OBJC_ARC = YES;
				CLANG_ENABLE_OBJC_WEAK = YES;
				CLANG_WARN_BLOCK_CAPTURE_AUTORELEASING = YES;
				CLANG_WARN_BOOL_CONVERSION = YES;
				CLANG_WARN_COMMA = YES;
				CLANG_WARN_CONSTANT_CONVERSION = YES;
				CLANG_WARN_DEPRECATED_OBJC_IMPLEMENTATIONS = YES;
				CLANG_WARN_DIRECT_OBJC_ISA_USAGE = YES_ERROR;
				CLANG_WARN_DOCUMENTATION_COMMENTS = YES;
				CLANG_WARN_EMPTY_BODY = YES;
				CLANG_WARN_ENUM_CONVERSION = YES;
				CLANG_WARN_INFINITE_RECURSION = YES;
				CLANG_WARN_INT_CONVERSION = YES;
				CLANG_WARN_NON_LITERAL_NULL_CONVERSION = YES;
				CLANG_WARN_OBJC_IMPLICIT_RETAIN_SELF = YES;
				CLANG_WARN_OBJC_LITERAL_CONVERSION = YES;
				CLANG_WARN_OBJC_ROOT_CLASS = YES_ERROR;
				CLANG_WARN_QUOTED_INCLUDE_IN_FRAMEWORK_HEADER = YES;
				CLANG_WARN_RANGE_LOOP_ANALYSIS = YES;
				CLANG_WARN_STRICT_PROTOTYPES = YES;
				CLANG_WARN_SUSPICIOUS_MOVE = YES;
				CLANG_WARN_UNGUARDED_AVAILABILITY = YES_AGGRESSIVE;
				CLANG_WARN_UNREACHABLE_CODE = YES;
				CLANG_WARN__DUPLICATE_METHOD_MATCH = YES;
				COPY_PHASE_STRIP = NO;
				DEBUG_INFORMATION_FORMAT = "dwarf-with-dsym";
				ENABLE_NS_ASSERTIONS = NO;
				ENABLE_STRICT_OBJC_MSGSEND = YES;
				GCC_C_LANGUAGE_STANDARD = gnu11;
				GCC_NO_COMMON_BLOCKS = YES;
				GCC_WARN_64_TO_32_BIT_CONVERSION = YES;
				GCC_WARN_ABOUT_RETURN_TYPE = YES_ERROR;
				GCC_WARN_UNDECLARED_SELECTOR = YES;
				GCC_WARN_UNINITIALIZED_AUTOS = YES_AGGRESSIVE;
				GCC_WARN_UNUSED_FUNCTION = YES;
				GCC_WARN_UNUSED_VARIABLE = YES;
				MACOSX_DEPLOYMENT_TARGET = 11.1;
				MTL_ENABLE_DEBUG_INFO = NO;
				MTL_FAST_MATH = YES;
				SDKROOT = macosx;
				SWIFT_COMPILATION_MODE = wholemodule;
				SWIFT_OPTIMIZATION_LEVEL = "-O";
			};
			name = Release;
		};
		232A2D1C25D8C4AF001A97C2 /* Debug */ = {
			isa = XCBuildConfiguration;
			buildSettings = {
				ASSETCATALOG_COMPILER_APPICON_NAME = AppIcon;
				ASSETCATALOG_COMPILER_GLOBAL_ACCENT_COLOR_NAME = AccentColor;
				CODE_SIGN_ENTITLEMENTS = "Sparkline Demos/Sparkline_Demos.entitlements";
				CODE_SIGN_STYLE = Automatic;
				COMBINE_HIDPI_IMAGES = YES;
				DEVELOPMENT_TEAM = 3L6RK3LGGW;
				ENABLE_HARDENED_RUNTIME = YES;
				INFOPLIST_FILE = "Sparkline Demos/Info.plist";
				LD_RUNPATH_SEARCH_PATHS = (
					"$(inherited)",
					"@executable_path/../Frameworks",
				);
				MACOSX_DEPLOYMENT_TARGET = 10.13;
				PRODUCT_BUNDLE_IDENTIFIER = "com.darrenford.DSFSparkline.Sparkline-Demos";
				PRODUCT_NAME = "$(TARGET_NAME)";
				SWIFT_VERSION = 5.0;
			};
			name = Debug;
		};
		232A2D1D25D8C4AF001A97C2 /* Release */ = {
			isa = XCBuildConfiguration;
			buildSettings = {
				ASSETCATALOG_COMPILER_APPICON_NAME = AppIcon;
				ASSETCATALOG_COMPILER_GLOBAL_ACCENT_COLOR_NAME = AccentColor;
				CODE_SIGN_ENTITLEMENTS = "Sparkline Demos/Sparkline_Demos.entitlements";
				CODE_SIGN_STYLE = Automatic;
				COMBINE_HIDPI_IMAGES = YES;
				DEVELOPMENT_TEAM = 3L6RK3LGGW;
				ENABLE_HARDENED_RUNTIME = YES;
				INFOPLIST_FILE = "Sparkline Demos/Info.plist";
				LD_RUNPATH_SEARCH_PATHS = (
					"$(inherited)",
					"@executable_path/../Frameworks",
				);
				MACOSX_DEPLOYMENT_TARGET = 10.13;
				PRODUCT_BUNDLE_IDENTIFIER = "com.darrenford.DSFSparkline.Sparkline-Demos";
				PRODUCT_NAME = "$(TARGET_NAME)";
				SWIFT_VERSION = 5.0;
			};
			name = Release;
		};
/* End XCBuildConfiguration section */

/* Begin XCConfigurationList section */
		232A2D0625D8C4AE001A97C2 /* Build configuration list for PBXProject "Sparkline Demos" */ = {
			isa = XCConfigurationList;
			buildConfigurations = (
				232A2D1925D8C4AF001A97C2 /* Debug */,
				232A2D1A25D8C4AF001A97C2 /* Release */,
			);
			defaultConfigurationIsVisible = 0;
			defaultConfigurationName = Release;
		};
		232A2D1B25D8C4AF001A97C2 /* Build configuration list for PBXNativeTarget "Sparkline Demos" */ = {
			isa = XCConfigurationList;
			buildConfigurations = (
				232A2D1C25D8C4AF001A97C2 /* Debug */,
				232A2D1D25D8C4AF001A97C2 /* Release */,
			);
			defaultConfigurationIsVisible = 0;
			defaultConfigurationName = Release;
		};
/* End XCConfigurationList section */

/* Begin XCSwiftPackageProductDependency section */
		232A2D2225D8C4C8001A97C2 /* DSFSparkline */ = {
			isa = XCSwiftPackageProductDependency;
			productName = DSFSparkline;
		};
/* End XCSwiftPackageProductDependency section */
	};
	rootObject = 232A2D0325D8C4AE001A97C2 /* Project object */;
}
